{
  "name": "bench",
  "version": "1.0.0",
  "lockfileVersion": 3,
  "requires": true,
  "packages": {
    "": {
      "name": "bench",
      "version": "1.0.0",
      "dependencies": {
        "markdown-it": "^15.0.2",
        "marked": "^18.1.0",
        "peisar": "^1.0.0",
        "showdown": "^2.1.0",
        "tinybench": "^6.2.2"
      }
    },
    "node_modules/@peisar/peisar-darwin-arm64": {
      "version": "1.0.0",
      "resolved": "https://registry.npmjs.org/@peisar/peisar-darwin-arm64/-/peisar-darwin-arm64-1.0.0.tgz",
      "integrity": "sha512-fdvgQlO9aQJ017QFG98g12Blgd9/vqNzdh7UHkboS/xNJ5JutP50/7kVg9DadieDlysAdzbCHnrMe37Sv0jEjw==",
      "cpu": [
        "arm64"
      ],
      "license": "Apache-2.0",
      "optional": true,
      "os": [
        "darwin"
      ],
      "engines": {
        "node": "^20.19.0 || ^22.13.0 || >=23.5.0 || ^24.21.0"
      }
    },
    "node_modules/@peisar/peisar-darwin-x64": {
      "version": "1.0.0",
      "resolved": "https://registry.npmjs.org/@peisar/peisar-darwin-x64/-/peisar-darwin-x64-1.0.0.tgz",
      "integrity": "sha512-Sr/bd7e2k8B0uo63cgtoVog4N4XD2yh73+rWR3xJG050dCnIo7GKo7soAQvqQW+xbz8fvO7y8jQ2QKnpLqRn4A==",
      "cpu": [
        "x64"
      ],
      "license": "Apache-2.0",
      "optional": true,
      "os": [
        "darwin"
      ],
      "engines": {
        "node": "^20.19.0 || ^22.13.0 || >=23.5.0 || ^24.21.0"
      }
    },
    "node_modules/@peisar/peisar-linux-arm64-gnu": {
      "version": "1.0.0",
      "resolved": "https://registry.npmjs.org/@peisar/peisar-linux-arm64-gnu/-/peisar-linux-arm64-gnu-1.0.0.tgz",
      "integrity": "sha512-dtzn6tbjbOan/tHLPIUc/sTlhZgNZ/yScZYfbEJp0OpvbqvHWW3vakeqo4CI3VMQvd0LHWSKfyNJkqqtT0rb1w==",
      "cpu": [
        "arm64"
      ],
      "libc": [
        "glibc"
      ],
      "license": "Apache-2.0",
      "optional": true,
      "os": [
        "linux"
      ],
      "engines": {
        "node": "^20.19.0 || ^22.13.0 || >=23.5.0 || ^24.21.0"
      }
    },
    "node_modules/@peisar/peisar-linux-arm64-musl": {
      "version": "1.0.0",
      "resolved": "https://registry.npmjs.org/@peisar/peisar-linux-arm64-musl/-/peisar-linux-arm64-musl-1.0.0.tgz",
      "integrity": "sha512-Tq1z4fUIA/1EXRnIMMLAEyZ3OTpZF1dsNJPAEYKxtZC6QRrdPYz4asOnuctp09gvWcaDP05NxLpokzvMDL9Hnw==",
      "cpu": [
        "arm64"
      ],
      "libc": [
        "musl"
      ],
      "license": "Apache-2.0",
      "optional": true,
      "os": [
        "linux"
      ],
      "engines": {
        "node": "^20.19.0 || ^22.13.0 || >=23.5.0 || ^24.21.0"
      }
    },
    "node_modules/@peisar/peisar-linux-x64-gnu": {
      "version": "1.0.0",
      "resolved": "https://registry.npmjs.org/@peisar/peisar-linux-x64-gnu/-/peisar-linux-x64-gnu-1.0.0.tgz",
      "integrity": "sha512-N74bkdKYLA1j8s9BXWKqPBh3NBixNbzq5kH2trXPZsGvvCVgiPgAaHL6TJ4N/xmh138rMimCnvlhg9rCL8ZT1A==",
      "cpu": [
        "x64"
      ],
      "libc": [
        "glibc"
      ],
      "license": "Apache-2.0",
      "optional": true,
      "os": [
        "linux"
      ],
      "engines": {
        "node": "^20.19.0 || ^22.13.0 || >=23.5.0 || ^24.21.0"
      }
    },
    "node_modules/@peisar/peisar-linux-x64-musl": {
      "version": "1.0.0",
      "resolved": "https://registry.npmjs.org/@peisar/peisar-linux-x64-musl/-/peisar-linux-x64-musl-1.0.0.tgz",
      "integrity": "sha512-2vUZqE9e0fjE9MMB/pZ3GjI4PvEpViy1eAwjUqL5DJl7bc0o8zwtwQKFLRgnaizcoodpL6UiKZZJSrzwI/J9qA==",
      "cpu": [
        "x64"
      ],
      "libc": [
        "musl"
      ],
      "license": "Apache-2.0",
      "optional": true,
      "os": [
        "linux"
      ],
      "engines": {
        "node": "^20.19.0 || ^22.13.0 || >=23.5.0 || ^24.21.0"
      }
    },
    "node_modules/@peisar/peisar-win32-arm64-msvc": {
      "version": "1.0.0",
      "resolved": "https://registry.npmjs.org/@peisar/peisar-win32-arm64-msvc/-/peisar-win32-arm64-msvc-1.0.0.tgz",
      "integrity": "sha512-yJ766uwHM8K7lr8tdOh4BCN/7yfvyXdzRN4UAhckKTHNrP1oG0yrbUtkA0fkkWmu2hYF6n45JZ9wVNERuqyB1w==",
      "cpu": [
        "arm64"
      ],
      "license": "Apache-2.0",
      "optional": true,
      "os": [
        "win32"
      ],
      "engines": {
        "node": "^20.19.0 || ^22.13.0 || >=23.5.0 || ^24.21.0"
      }
    },
    "node_modules/@peisar/peisar-win32-x64-msvc": {
      "version": "1.0.0",
      "resolved": "https://registry.npmjs.org/@peisar/peisar-win32-x64-msvc/-/peisar-win32-x64-msvc-1.0.0.tgz",
      "integrity": "sha512-9dHhCqUjetFg0x/yXZ6WTRTJSTtpKUpu5zuqWXflxni4GcLwCgOoi8K0J4Hs05Rm9KqIQ131xkaS+Vu+sCrfVg==",
      "cpu": [
        "x64"
      ],
      "license": "Apache-2.0",
      "optional": true,
      "os": [
        "win32"
      ],
      "engines": {
        "node": "^20.19.0 || ^22.13.0 || >=23.5.0 || ^24.21.0"
      }
    },
    "node_modules/argparse": {
      "version": "3.0.2",
      "resolved": "https://registry.npmjs.org/argparse/-/argparse-3.0.2.tgz",
      "integrity": "sha512-mFdDM6WqWKraGLsVb+C9CahPnzTXOefAOLq3jYcca2YZ8bEWpr++Tzj+zSaKW9+X9L5uSxcm1AZ3Y6aZJ09OhQ==",
      "funding": [
        {
          "type": "github",
          "url": "https://github.com/sponsors/puzrin"
        },
        {
          "type": "github",
          "url": "https://github.com/sponsors/nodeca"
        }
      ],
      "license": "PSF-2.0"
    },
    "node_modules/commander": {
      "version": "9.5.0",
      "resolved": "https://registry.npmjs.org/commander/-/commander-9.5.0.tgz",
      "integrity": "sha512-KRs7WVDKg86PWiuAqhDrAQnTXZKraVcCc6vFdL14qrZ/DcWwuRo7VoiYXalXO7S5GKpqYiVEwCbgFDfxNHKJBQ==",
      "license": "MIT",
      "engines": {
        "node": "^12.20.0 || >=14"
      }
    },
    "node_modules/entities": {
      "version": "8.1.0",
      "resolved": "https://registry.npmjs.org/entities/-/entities-8.1.0.tgz",
      "integrity": "sha512-kxL7msIffSuh9aaFAMD7rxAIuTRMAHMeBtgHW2yUdWw732ZNh4MehkF2gdjvtdmikkaIP9bFDDJOPlsvm7avrA==",
      "license": "BSD-2-Clause",
      "engines": {
        "node": ">=20.19.0"
      },
      "funding": {
        "url": "https://github.com/fb55/entities?sponsor=1"
      }
    },
    "node_modules/linkify-it": {
      "version": "6.1.0",
      "resolved": "https://registry.npmjs.org/linkify-it/-/linkify-it-6.1.0.tgz",
      "integrity": "sha512-wJ/TwpSDTLepCrQoYWYIExIKg5Zchex2Nn5yk2mFnB+6PtdkHtyLx742md9csRjjOnGkKIS/RrbY7l8D6gT9Vw==",
      "funding": [
        {
          "type": "github",
          "url": "https://github.com/sponsors/puzrin"
        },
        {
          "type": "github",
          "url": "https://github.com/sponsors/markdown-it"
        }
      ],
      "license": "MIT",
      "dependencies": {
        "uc.micro": "^3.0.0"
      }
    },
    "node_modules/markdown-it": {
      "version": "15.0.2",
      "resolved": "https://registry.npmjs.org/markdown-it/-/markdown-it-15.0.2.tgz",
      "integrity": "sha512-q4IGxMv56jCqT4OCRCADBoDP3LO4MhmTXjFbphHPXs4g3j9Xg5RDnxqN8IF/3vIWEU+VCnUq+7JUg/cfy2E6Qw==",
      "funding": [
        {
          "type": "github",
          "url": "https://github.com/sponsors/puzrin"
        },
        {
          "type": "github",
          "url": "https://github.com/sponsors/markdown-it"
        }
      ],
      "license": "MIT",
      "dependencies": {
        "argparse": "^3.0.0",
        "entities": "^8.0.0",
        "linkify-it": "^6.0.0",
        "mdurl": "^2.1.0",
        "punycode.js": "^2.3.1",
        "uc.micro": "^3.0.0"
      },
      "bin": {
        "markdown-it": "bin/markdown-it.mjs"
      }
    },
    "node_modules/marked": {
      "version": "18.1.0",
      "resolved": "https://registry.npmjs.org/marked/-/marked-18.1.0.tgz",
      "integrity": "sha512-PamYXWWWg2nboG3oX5Ffzpy3EFZROqZJK9hSlMmUnekp7TxPs5DcT95vwd46m73/exfKCRVMtgXoPMI4FEJL6w==",
      "license": "MIT",
      "bin": {
        "marked": "bin/marked.js"
      },
      "engines": {
        "node": ">= 20"
      }
    },
    "node_modules/mdurl": {
      "version": "2.1.0",
      "resolved": "https://registry.npmjs.org/mdurl/-/mdurl-2.1.0.tgz",
      "integrity": "sha512-1+HBaOx0zi/dQWht8rNv9MYf9qqpqL/kxI0hXImU6Y547zM6Sni8BQibt7ifgMcYtQg41ao3Ivd6cnSM86inpg==",
      "license": "MIT"
    },
    "node_modules/peisar": {
      "version": "1.0.0",
      "resolved": "https://registry.npmjs.org/peisar/-/peisar-1.0.0.tgz",
      "integrity": "sha512-0zai+US7RUeqbKvP0V0PXL0doqM7FSQBmUb9YB9DUba+W+qsuRhYGVguPwSfzRLBXDUfODogljC7CsehRFccbw==",
      "license": "Apache-2.0",
      "engines": {
        "node": "^20.19.0 || ^22.13.0 || >=23.5.0 || ^24.21.0"
      },
      "optionalDependencies": {
        "@peisar/peisar-darwin-arm64": "1.0.0",
        "@peisar/peisar-darwin-x64": "1.0.0",
        "@peisar/peisar-linux-arm64-gnu": "1.0.0",
        "@peisar/peisar-linux-arm64-musl": "1.0.0",
        "@peisar/peisar-linux-x64-gnu": "1.0.0",
        "@peisar/peisar-linux-x64-musl": "1.0.0",
        "@peisar/peisar-win32-arm64-msvc": "1.0.0",
        "@peisar/peisar-win32-x64-msvc": "1.0.0"
      }
    },
    "node_modules/punycode.js": {
      "version": "2.3.1",
      "resolved": "https://registry.npmjs.org/punycode.js/-/punycode.js-2.3.1.tgz",
      "integrity": "sha512-uxFIHU0YlHYhDQtV4R9J6a52SLx28BCjT+4ieh7IGbgwVJWO+km431c4yRlREUAsAmt/uMjQUyQHNEPf0M39CA==",
      "license": "MIT",
      "engines": {
        "node": ">=6"
      }
    },
    "node_modules/showdown": {
      "version": "2.1.0",
      "resolved": "https://registry.npmjs.org/showdown/-/showdown-2.1.0.tgz",
      "integrity": "sha512-/6NVYu4U819R2pUIk79n67SYgJHWCce0a5xTP979WbNp0FL9MN1I1QK662IDU1b6JzKTvmhgI7T7JYIxBi3kMQ==",
      "license": "MIT",
      "dependencies": {
        "commander": "^9.0.0"
      },
      "bin": {
        "showdown": "bin/showdown.js"
      },
      "funding": {
        "type": "individual",
        "url": "https://www.paypal.me/tiviesantos"
      }
    },
    "node_modules/tinybench": {
      "version": "6.2.2",
      "resolved": "https://registry.npmjs.org/tinybench/-/tinybench-6.2.2.tgz",
      "integrity": "sha512-nIZ2N2dFpjBsg2hgitKu7mA+FvsIJuGJOwysRngmVRRmWgR/UyPjwJj8c/fT/dhm8EkHnF5EOogRf+0Z2qrimA==",
      "license": "MIT",
      "engines": {
        "node": ">=20.0.0"
      }
    },
    "node_modules/uc.micro": {
      "version": "3.0.0",
      "resolved": "https://registry.npmjs.org/uc.micro/-/uc.micro-3.0.0.tgz",
      "integrity": "sha512-U3PppEkleoTnIfi8BozMx3yju3qc/L6SwqWo2Sw+54PX+PX0q9I+r1Um5HCmqD7n9VDX5/v3vQH/AjA6deDdtw==",
      "license": "MIT"
    }
  }
}
